
Microsoft Visual Studio Solution File, Format Version 12.00
# Visual Studio Version 17
VisualStudioVersion = 17.4.33122.133
MinimumVisualStudioVersion = 10.0.40219.1
Project("{FAE04EC0-301F-11D3-BF4B-00C04F79EFBC}") = "Task1", "Task1\Task1.csproj", "{44FC4172-1F0D-4DAA-A2C9-A3386F5F33FF}"
EndProject
Global
	GlobalSection(SolutionConfigurationPlatforms) = preSolution
		Debug|Any CPU = Debug|Any CPU
		Release|Any CPU = Release|Any CPU
	EndGlobalSection
	GlobalSection(ProjectConfigurationPlatforms) = postSolution
		{44FC4172-1F0D-4DAA-A2C9-A3386F5F33FF}.Debug|Any CPU.ActiveCfg = Debug|Any CPU
		{44FC4172-1F0D-4DAA-A2C9-A3386F5F33FF}.Debug|Any CPU.Build.0 = Debug|Any CPU
		{44FC4172-1F0D-4DAA-A2C9-A3386F5F33FF}.Release|Any CPU.ActiveCfg = Release|Any CPU
		{44FC4172-1F0D-4DAA-A2C9-A3386F5F33FF}.Release|Any CPU.Build.0 = Release|Any CPU
	EndGlobalSection
	GlobalSection(SolutionProperties) = preSolution
		HideSolutionNode = FALSE
	EndGlobalSection
	GlobalSection(ExtensibilityGlobals) = postSolution
		SolutionGuid = {4ADDFF97-3C13-476F-BAC5-025F6F67E235}
	EndGlobalSection
EndGlobal
